// !$*UTF8*$!
{
	archiveVersion = 1;
	classes = {
	};
	objectVersion = 50;
	objects = {

/* Begin PBXBuildFile section */
		E8AF1368230F2EE700A39E81 /* AppDelegate.m in Sources */ = {isa = PBXBuildFile; fileRef = E8AF1367230F2EE700A39E81 /* AppDelegate.m */; };
		E8AF136E230F2EE700A39E81 /* Main.storyboard in Resources */ = {isa = PBXBuildFile; fileRef = E8AF136C230F2EE700A39E81 /* Main.storyboard */; };
		E8AF1370230F2EEB00A39E81 /* Assets.xcassets in Resources */ = {isa = PBXBuildFile; fileRef = E8AF136F230F2EEB00A39E81 /* Assets.xcassets */; };
		E8AF1373230F2EEB00A39E81 /* LaunchScreen.storyboard in Resources */ = {isa = PBXBuildFile; fileRef = E8AF1371230F2EEB00A39E81 /* LaunchScreen.storyboard */; };
		E8AF1376230F2EEB00A39E81 /* main.m in Sources */ = {isa = PBXBuildFile; fileRef = E8AF1375230F2EEB00A39E81 /* main.m */; };
		E8AF1382230F306100A39E81 /* JRCPost.m in Sources */ = {isa = PBXBuildFile; fileRef = E8AF1381230F306100A39E81 /* JRCPost.m */; };
		E8AF1385230F3C9C00A39E81 /* JRCPostController.m in Sources */ = {isa = PBXBuildFile; fileRef = E8AF1384230F3C9C00A39E81 /* JRCPostController.m */; };
/* End PBXBuildFile section */

/* Begin PBXFileReference section */
		E8AF1363230F2EE700A39E81 /* RedditObjC.app */ = {isa = PBXFileReference; explicitFileType = wrapper.application; includeInIndex = 0; path = RedditObjC.app; sourceTree = BUILT_PRODUCTS_DIR; };
		E8AF1366230F2EE700A39E81 /* AppDelegate.h */ = {isa = PBXFileReference; lastKnownFileType = sourcecode.c.h; path = AppDelegate.h; sourceTree = "<group>"; };
		E8AF1367230F2EE700A39E81 /* AppDelegate.m */ = {isa = PBXFileReference; lastKnownFileType = sourcecode.c.objc; path = AppDelegate.m; sourceTree = "<group>"; };
		E8AF136D230F2EE700A39E81 /* Base */ = {isa = PBXFileReference; lastKnownFileType = file.storyboard; name = Base; path = Base.lproj/Main.storyboard; sourceTree = "<group>"; };
		E8AF136F230F2EEB00A39E81 /* Assets.xcassets */ = {isa = PBXFileReference; lastKnownFileType = folder.assetcatalog; path = Assets.xcassets; sourceTree = "<group>"; };
		E8AF1372230F2EEB00A39E81 /* Base */ = {isa = PBXFileReference; lastKnownFileType = file.storyboard; name = Base; path = Base.lproj/LaunchScreen.storyboard; sourceTree = "<group>"; };
		E8AF1374230F2EEB00A39E81 /* Info.plist */ = {isa = PBXFileReference; lastKnownFileType = text.plist.xml; path = Info.plist; sourceTree = "<group>"; };
		E8AF1375230F2EEB00A39E81 /* main.m */ = {isa = PBXFileReference; lastKnownFileType = sourcecode.c.objc; path = main.m; sourceTree = "<group>"; };
		E8AF1380230F306100A39E81 /* JRCPost.h */ = {isa = PBXFileReference; lastKnownFileType = sourcecode.c.h; path = JRCPost.h; sourceTree = "<group>"; };
		E8AF1381230F306100A39E81 /* JRCPost.m */ = {isa = PBXFileReference; lastKnownFileType = sourcecode.c.objc; path = JRCPost.m; sourceTree = "<group>"; };
		E8AF1383230F3C9C00A39E81 /* JRCPostController.h */ = {isa = PBXFileReference; lastKnownFileType = sourcecode.c.h; path = JRCPostController.h; sourceTree = "<group>"; };
		E8AF1384230F3C9C00A39E81 /* JRCPostController.m */ = {isa = PBXFileReference; lastKnownFileType = sourcecode.c.objc; path = JRCPostController.m; sourceTree = "<group>"; };
/* End PBXFileReference section */

/* Begin PBXFrameworksBuildPhase section */
		E8AF1360230F2EE700A39E81 /* Frameworks */ = {
			isa = PBXFrameworksBuildPhase;
			buildActionMask = 2147483647;
			files = (
			);
			runOnlyForDeploymentPostprocessing = 0;
		};
/* End PBXFrameworksBuildPhase section */

/* Begin PBXGroup section */
		E8AF135A230F2EE600A39E81 = {
			isa = PBXGroup;
			children = (
				E8AF1365230F2EE700A39E81 /* RedditObjC */,
				E8AF1364230F2EE700A39E81 /* Products */,
			);
			sourceTree = "<group>";
		};
		E8AF1364230F2EE700A39E81 /* Products */ = {
			isa = PBXGroup;
			children = (
				E8AF1363230F2EE700A39E81 /* RedditObjC.app */,
			);
			name = Products;
			sourceTree = "<group>";
		};
		E8AF1365230F2EE700A39E81 /* RedditObjC */ = {
			isa = PBXGroup;
			children = (
				E8AF136C230F2EE700A39E81 /* Main.storyboard */,
				E8AF137F230F2F7E00A39E81 /* Resources */,
				E8AF137E230F2F7900A39E81 /* ModelView */,
				E8AF137D230F2F7300A39E81 /* ModelController */,
				E8AF137C230F2F6F00A39E81 /* Model */,
			);
			path = RedditObjC;
			sourceTree = "<group>";
		};
		E8AF137C230F2F6F00A39E81 /* Model */ = {
			isa = PBXGroup;
			children = (
				E8AF1380230F306100A39E81 /* JRCPost.h */,
				E8AF1381230F306100A39E81 /* JRCPost.m */,
			);
			path = Model;
			sourceTree = "<group>";
		};
		E8AF137D230F2F7300A39E81 /* ModelController */ = {
			isa = PBXGroup;
			children = (
				E8AF1383230F3C9C00A39E81 /* JRCPostController.h */,
				E8AF1384230F3C9C00A39E81 /* JRCPostController.m */,
			);
			path = ModelController;
			sourceTree = "<group>";
		};
		E8AF137E230F2F7900A39E81 /* ModelView */ = {
			isa = PBXGroup;
			children = (
			);
			path = ModelView;
			sourceTree = "<group>";
		};
		E8AF137F230F2F7E00A39E81 /* Resources */ = {
			isa = PBXGroup;
			children = (
				E8AF1366230F2EE700A39E81 /* AppDelegate.h */,
				E8AF1367230F2EE700A39E81 /* AppDelegate.m */,
				E8AF136F230F2EEB00A39E81 /* Assets.xcassets */,
				E8AF1371230F2EEB00A39E81 /* LaunchScreen.storyboard */,
				E8AF1374230F2EEB00A39E81 /* Info.plist */,
				E8AF1375230F2EEB00A39E81 /* main.m */,
			);
			path = Resources;
			sourceTree = "<group>";
		};
/* End PBXGroup section */

/* Begin PBXNativeTarget section */
		E8AF1362230F2EE700A39E81 /* RedditObjC */ = {
			isa = PBXNativeTarget;
			buildConfigurationList = E8AF1379230F2EEB00A39E81 /* Build configuration list for PBXNativeTarget "RedditObjC" */;
			buildPhases = (
				E8AF135F230F2EE700A39E81 /* Sources */,
				E8AF1360230F2EE700A39E81 /* Frameworks */,
				E8AF1361230F2EE700A39E81 /* Resources */,
			);
			buildRules = (
			);
			dependencies = (
			);
			name = RedditObjC;
			productName = RedditObjC;
			productReference = E8AF1363230F2EE700A39E81 /* RedditObjC.app */;
			productType = "com.apple.product-type.application";
		};
/* End PBXNativeTarget section */

/* Begin PBXProject section */
		E8AF135B230F2EE600A39E81 /* Project object */ = {
			isa = PBXProject;
			attributes = {
				CLASSPREFIX = JRC;
				LastUpgradeCheck = 1030;
				ORGANIZATIONNAME = AlphaDVLPR;
				TargetAttributes = {
					E8AF1362230F2EE700A39E81 = {
						CreatedOnToolsVersion = 10.3;
					};
				};
			};
			buildConfigurationList = E8AF135E230F2EE600A39E81 /* Build configuration list for PBXProject "RedditObjC" */;
			compatibilityVersion = "Xcode 9.3";
			developmentRegion = en;
			hasScannedForEncodings = 0;
			knownRegions = (
				en,
				Base,
			);
			mainGroup = E8AF135A230F2EE600A39E81;
			productRefGroup = E8AF1364230F2EE700A39E81 /* Products */;
			projectDirPath = "";
			projectRoot = "";
			targets = (
				E8AF1362230F2EE700A39E81 /* RedditObjC */,
			);
		};
/* End PBXProject section */

/* Begin PBXResourcesBuildPhase section */
		E8AF1361230F2EE700A39E81 /* Resources */ = {
			isa = PBXResourcesBuildPhase;
			buildActionMask = 2147483647;
			files = (
				E8AF1373230F2EEB00A39E81 /* LaunchScreen.storyboard in Resources */,
				E8AF1370230F2EEB00A39E81 /* Assets.xcassets in Resources */,
				E8AF136E230F2EE700A39E81 /* Main.storyboard in Resources */,
			);
			runOnlyForDeploymentPostprocessing = 0;
		};
/* End PBXResourcesBuildPhase section */

/* Begin PBXSourcesBuildPhase section */
		E8AF135F230F2EE700A39E81 /* Sources */ = {
			isa = PBXSourcesBuildPhase;
			buildActionMask = 2147483647;
			files = (
				E8AF1376230F2EEB00A39E81 /* main.m in Sources */,
				E8AF1368230F2EE700A39E81 /* AppDelegate.m in Sources */,
				E8AF1382230F306100A39E81 /* JRCPost.m in Sources */,
				E8AF1385230F3C9C00A39E81 /* JRCPostController.m in Sources */,
			);
			runOnlyForDeploymentPostprocessing = 0;
		};
/* End PBXSourcesBuildPhase section */

/* Begin PBXVariantGroup section */
		E8AF136C230F2EE700A39E81 /* Main.storyboard */ = {
			isa = PBXVariantGroup;
			children = (
				E8AF136D230F2EE700A39E81 /* Base */,
			);
			name = Main.storyboard;
			sourceTree = "<group>";
		};
		E8AF1371230F2EEB00A39E81 /* LaunchScreen.storyboard */ = {
			isa = PBXVariantGroup;
			children = (
				E8AF1372230F2EEB00A39E81 /* Base */,
			);
			name = LaunchScreen.storyboard;
			sourceTree = "<group>";
		};
/* End PBXVariantGroup section */

/* Begin XCBuildConfiguration section */
		E8AF1377230F2EEB00A39E81 /* Debug */ = {
			isa = XCBuildConfiguration;
			buildSettings = {
				ALWAYS_SEARCH_USER_PATHS = NO;
				CLANG_ANALYZER_NONNULL = YES;
				CLANG_ANALYZER_NUMBER_OBJECT_CONVERSION = YES_AGGRESSIVE;
				CLANG_CXX_LANGUAGE_STANDARD = "gnu++14";
				CLANG_CXX_LIBRARY = "libc++";
				CLANG_ENABLE_MODULES = YES;
				CLANG_ENABLE_OBJC_ARC = YES;
				CLANG_ENABLE_OBJC_WEAK = YES;
				CLANG_WARN_BLOCK_CAPTURE_AUTORELEASING = YES;
				CLANG_WARN_BOOL_CONVERSION = YES;
				CLANG_WARN_COMMA = YES;
				CLANG_WARN_CONSTANT_CONVERSION = YES;
				CLANG_WARN_DEPRECATED_OBJC_IMPLEMENTATIONS = YES;
				CLANG_WARN_DIRECT_OBJC_ISA_USAGE = YES_ERROR;
				CLANG_WARN_DOCUMENTATION_COMMENTS = YES;
				CLANG_WARN_EMPTY_BODY = YES;
				CLANG_WARN_ENUM_CONVERSION = YES;
				CLANG_WARN_INFINITE_RECURSION = YES;
				CLANG_WARN_INT_CONVERSION = YES;
				CLANG_WARN_NON_LITERAL_NULL_CONVERSION = YES;
				CLANG_WARN_OBJC_IMPLICIT_RETAIN_SELF = YES;
				CLANG_WARN_OBJC_LITERAL_CONVERSION = YES;
				CLANG_WARN_OBJC_ROOT_CLASS = YES_ERROR;
				CLANG_WARN_RANGE_LOOP_ANALYSIS = YES;
				CLANG_WARN_STRICT_PROTOTYPES = YES;
				CLANG_WARN_SUSPICIOUS_MOVE = YES;
				CLANG_WARN_UNGUARDED_AVAILABILITY = YES_AGGRESSIVE;
				CLANG_WARN_UNREACHABLE_CODE = YES;
				CLANG_WARN__DUPLICATE_METHOD_MATCH = YES;
				CODE_SIGN_IDENTITY = "iPhone Developer";
				COPY_PHASE_STRIP = NO;
				DEBUG_INFORMATION_FORMAT = dwarf;
				ENABLE_STRICT_OBJC_MSGSEND = YES;
				ENABLE_TESTABILITY = YES;
				GCC_C_LANGUAGE_STANDARD = gnu11;
				GCC_DYNAMIC_NO_PIC = NO;
				GCC_NO_COMMON_BLOCKS = YES;
				GCC_OPTIMIZATION_LEVEL = 0;
				GCC_PREPROCESSOR_DEFINITIONS = (
					"DEBUG=1",
					"$(inherited)",
				);
				GCC_WARN_64_TO_32_BIT_CONVERSION = YES;
				GCC_WARN_ABOUT_RETURN_TYPE = YES_ERROR;
				GCC_WARN_UNDECLARED_SELECTOR = YES;
				GCC_WARN_UNINITIALIZED_AUTOS = YES_AGGRESSIVE;
				GCC_WARN_UNUSED_FUNCTION = YES;
				GCC_WARN_UNUSED_VARIABLE = YES;
				IPHONEOS_DEPLOYMENT_TARGET = 12.4;
				MTL_ENABLE_DEBUG_INFO = INCLUDE_SOURCE;
				MTL_FAST_MATH = YES;
				ONLY_ACTIVE_ARCH = YES;
				SDKROOT = iphoneos;
			};
			name = Debug;
		};
		E8AF1378230F2EEB00A39E81 /* Release */ = {
			isa = XCBuildConfiguration;
			buildSettings = {
				ALWAYS_SEARCH_USER_PATHS = NO;
				CLANG_ANALYZER_NONNULL = YES;
				CLANG_ANALYZER_NUMBER_OBJECT_CONVERSION = YES_AGGRESSIVE;
				CLANG_CXX_LANGUAGE_STANDARD = "gnu++14";
				CLANG_CXX_LIBRARY = "libc++";
				CLANG_ENABLE_MODULES = YES;
				CLANG_ENABLE_OBJC_ARC = YES;
				CLANG_ENABLE_OBJC_WEAK = YES;
				CLANG_WARN_BLOCK_CAPTURE_AUTORELEASING = YES;
				CLANG_WARN_BOOL_CONVERSION = YES;
				CLANG_WARN_COMMA = YES;
				CLANG_WARN_CONSTANT_CONVERSION = YES;
				CLANG_WARN_DEPRECATED_OBJC_IMPLEMENTATIONS = YES;
				CLANG_WARN_DIRECT_OBJC_ISA_USAGE = YES_ERROR;
				CLANG_WARN_DOCUMENTATION_COMMENTS = YES;
				CLANG_WARN_EMPTY_BODY = YES;
				CLANG_WARN_ENUM_CONVERSION = YES;
				CLANG_WARN_INFINITE_RECURSION = YES;
				CLANG_WARN_INT_CONVERSION = YES;
				CLANG_WARN_NON_LITERAL_NULL_CONVERSION = YES;
				CLANG_WARN_OBJC_IMPLICIT_RETAIN_SELF = YES;
				CLANG_WARN_OBJC_LITERAL_CONVERSION = YES;
				CLANG_WARN_OBJC_ROOT_CLASS = YES_ERROR;
				CLANG_WARN_RANGE_LOOP_ANALYSIS = YES;
				CLANG_WARN_STRICT_PROTOTYPES = YES;
				CLANG_WARN_SUSPICIOUS_MOVE = YES;
				CLANG_WARN_UNGUARDED_AVAILABILITY = YES_AGGRESSIVE;
				CLANG_WARN_UNREACHABLE_CODE = YES;
				CLANG_WARN__DUPLICATE_METHOD_MATCH = YES;
				CODE_SIGN_IDENTITY = "iPhone Developer";
				COPY_PHASE_STRIP = NO;
				DEBUG_INFORMATION_FORMAT = "dwarf-with-dsym";
				ENABLE_NS_ASSERTIONS = NO;
				ENABLE_STRICT_OBJC_MSGSEND = YES;
				GCC_C_LANGUAGE_STANDARD = gnu11;
				GCC_NO_COMMON_BLOCKS = YES;
				GCC_WARN_64_TO_32_BIT_CONVERSION = YES;
				GCC_WARN_ABOUT_RETURN_TYPE = YES_ERROR;
				GCC_WARN_UNDECLARED_SELECTOR = YES;
				GCC_WARN_UNINITIALIZED_AUTOS = YES_AGGRESSIVE;
				GCC_WARN_UNUSED_FUNCTION = YES;
				GCC_WARN_UNUSED_VARIABLE = YES;
				IPHONEOS_DEPLOYMENT_TARGET = 12.4;
				MTL_ENABLE_DEBUG_INFO = NO;
				MTL_FAST_MATH = YES;
				SDKROOT = iphoneos;
				VALIDATE_PRODUCT = YES;
			};
			name = Release;
		};
		E8AF137A230F2EEB00A39E81 /* Debug */ = {
			isa = XCBuildConfiguration;
			buildSettings = {
				ASSETCATALOG_COMPILER_APPICON_NAME = AppIcon;
				CODE_SIGN_STYLE = Automatic;
				DEVELOPMENT_TEAM = J27FYKQAGV;
				INFOPLIST_FILE = "$(SRCROOT)/RedditObjC/Resources/Info.plist";
				LD_RUNPATH_SEARCH_PATHS = (
					"$(inherited)",
					"@executable_path/Frameworks",
				);
				PRODUCT_BUNDLE_IDENTIFIER = com.AlphaDVLPR.RedditObjC;
				PRODUCT_NAME = "$(TARGET_NAME)";
				TARGETED_DEVICE_FAMILY = "1,2";
			};
			name = Debug;
		};
		E8AF137B230F2EEB00A39E81 /* Release */ = {
			isa = XCBuildConfiguration;
			buildSettings = {
				ASSETCATALOG_COMPILER_APPICON_NAME = AppIcon;
				CODE_SIGN_STYLE = Automatic;
				DEVELOPMENT_TEAM = J27FYKQAGV;
				INFOPLIST_FILE = "$(SRCROOT)/RedditObjC/Resources/Info.plist";
				LD_RUNPATH_SEARCH_PATHS = (
					"$(inherited)",
					"@executable_path/Frameworks",
				);
				PRODUCT_BUNDLE_IDENTIFIER = com.AlphaDVLPR.RedditObjC;
				PRODUCT_NAME = "$(TARGET_NAME)";
				TARGETED_DEVICE_FAMILY = "1,2";
			};
			name = Release;
		};
/* End XCBuildConfiguration section */

/* Begin XCConfigurationList section */
		E8AF135E230F2EE600A39E81 /* Build configuration list for PBXProject "RedditObjC" */ = {
			isa = XCConfigurationList;
			buildConfigurations = (
				E8AF1377230F2EEB00A39E81 /* Debug */,
				E8AF1378230F2EEB00A39E81 /* Release */,
			);
			defaultConfigurationIsVisible = 0;
			defaultConfigurationName = Release;
		};
		E8AF1379230F2EEB00A39E81 /* Build configuration list for PBXNativeTarget "RedditObjC" */ = {
			isa = XCConfigurationList;
			buildConfigurations = (
				E8AF137A230F2EEB00A39E81 /* Debug */,
				E8AF137B230F2EEB00A39E81 /* Release */,
			);
			defaultConfigurationIsVisible = 0;
			defaultConfigurationName = Release;
		};
/* End XCConfigurationList section */
	};
	rootObject = E8AF135B230F2EE600A39E81 /* Project object */;
}
